<Solution>
  <Folder Name="/BusinessLogic/">
    <Project Path="ShippingCalculator.BussinesLogic/ShippingCalculator.BusinessLogic.csproj" />
  </Folder>
  <Folder Name="/Core/">
    <Project Path="ShippingCalculator.Core/ShippingCalculator.Core.csproj" />
  </Folder>
  <Folder Name="/Infrastructure/">
    <Project Path="ShippingCalculator.Infraestructure/ShippingCalculator.Data.csproj" />
  </Folder>
  <Folder Name="/UI/">
    <Project Path="ShippingCalculator.Web/ShippingCalculator.Web.csproj" />
  </Folder>
</Solution>
